
Microsoft Visual Studio Solution File, Format Version 12.00
# Visual Studio 15
VisualStudioVersion = 15.0.28307.960
MinimumVisualStudioVersion = 10.0.40219.1
Project("{FAE04EC0-301F-11D3-BF4B-00C04F79EFBC}") = "CICS", "CICS\CICS.csproj", "{D254578F-B9D6-435F-9246-C1D128FE6123}"
EndProject
Project("{FAE04EC0-301F-11D3-BF4B-00C04F79EFBC}") = "CallPythonRESTfulAPITest", "CallPythonRESTfulAPITest\CallPythonRESTfulAPITest.csproj", "{F983D8A2-8E0E-4403-AF28-690AE70498BF}"
EndProject
Project("{FAE04EC0-301F-11D3-BF4B-00C04F79EFBC}") = "RunPythonScript", "RunPythonScript\RunPythonScript.csproj", "{0F255927-98E6-4F44-966C-A43C1CF25758}"
EndProject
Project("{FAE04EC0-301F-11D3-BF4B-00C04F79EFBC}") = "RunPythonScript.Tests", "RunPythonScript.Tests\RunPythonScript.Tests.csproj", "{33ECA306-C47A-4445-A3CD-F5CE03856202}"
EndProject
Global
	GlobalSection(SolutionConfigurationPlatforms) = preSolution
		Debug|Any CPU = Debug|Any CPU
		Release|Any CPU = Release|Any CPU
	EndGlobalSection
	GlobalSection(ProjectConfigurationPlatforms) = postSolution
		{D254578F-B9D6-435F-9246-C1D128FE6123}.Debug|Any CPU.ActiveCfg = Debug|Any CPU
		{D254578F-B9D6-435F-9246-C1D128FE6123}.Debug|Any CPU.Build.0 = Debug|Any CPU
		{D254578F-B9D6-435F-9246-C1D128FE6123}.Release|Any CPU.ActiveCfg = Release|Any CPU
		{D254578F-B9D6-435F-9246-C1D128FE6123}.Release|Any CPU.Build.0 = Release|Any CPU
		{F983D8A2-8E0E-4403-AF28-690AE70498BF}.Debug|Any CPU.ActiveCfg = Debug|Any CPU
		{F983D8A2-8E0E-4403-AF28-690AE70498BF}.Debug|Any CPU.Build.0 = Debug|Any CPU
		{F983D8A2-8E0E-4403-AF28-690AE70498BF}.Release|Any CPU.ActiveCfg = Release|Any CPU
		{F983D8A2-8E0E-4403-AF28-690AE70498BF}.Release|Any CPU.Build.0 = Release|Any CPU
		{0F255927-98E6-4F44-966C-A43C1CF25758}.Debug|Any CPU.ActiveCfg = Debug|Any CPU
		{0F255927-98E6-4F44-966C-A43C1CF25758}.Debug|Any CPU.Build.0 = Debug|Any CPU
		{0F255927-98E6-4F44-966C-A43C1CF25758}.Release|Any CPU.ActiveCfg = Release|Any CPU
		{0F255927-98E6-4F44-966C-A43C1CF25758}.Release|Any CPU.Build.0 = Release|Any CPU
		{33ECA306-C47A-4445-A3CD-F5CE03856202}.Debug|Any CPU.ActiveCfg = Debug|Any CPU
		{33ECA306-C47A-4445-A3CD-F5CE03856202}.Debug|Any CPU.Build.0 = Debug|Any CPU
		{33ECA306-C47A-4445-A3CD-F5CE03856202}.Release|Any CPU.ActiveCfg = Release|Any CPU
		{33ECA306-C47A-4445-A3CD-F5CE03856202}.Release|Any CPU.Build.0 = Release|Any CPU
	EndGlobalSection
	GlobalSection(SolutionProperties) = preSolution
		HideSolutionNode = FALSE
	EndGlobalSection
	GlobalSection(ExtensibilityGlobals) = postSolution
		SolutionGuid = {43331E31-7A4D-43CF-9793-7D1A7F76399D}
	EndGlobalSection
EndGlobal
